
Microsoft Visual Studio Solution File, Format Version 12.00
# Visual Studio 15
VisualStudioVersion = 15.0.28307.168
MinimumVisualStudioVersion = 10.0.40219.1
Project("{FAE04EC0-301F-11D3-BF4B-00C04F79EFBC}") = "FRI_FEB_8 WEEK 05", "FRI_FEB_8 WEEK 05\FRI_FEB_8 WEEK 05.csproj", "{143C4A22-9C9E-452C-BBAD-525B08F577C8}"
EndProject
Global
	GlobalSection(SolutionConfigurationPlatforms) = preSolution
		Debug|Any CPU = Debug|Any CPU
		Release|Any CPU = Release|Any CPU
	EndGlobalSection
	GlobalSection(ProjectConfigurationPlatforms) = postSolution
		{143C4A22-9C9E-452C-BBAD-525B08F577C8}.Debug|Any CPU.ActiveCfg = Debug|Any CPU
		{143C4A22-9C9E-452C-BBAD-525B08F577C8}.Debug|Any CPU.Build.0 = Debug|Any CPU
		{143C4A22-9C9E-452C-BBAD-525B08F577C8}.Release|Any CPU.ActiveCfg = Release|Any CPU
		{143C4A22-9C9E-452C-BBAD-525B08F577C8}.Release|Any CPU.Build.0 = Release|Any CPU
	EndGlobalSection
	GlobalSection(SolutionProperties) = preSolution
		HideSolutionNode = FALSE
	EndGlobalSection
	GlobalSection(ExtensibilityGlobals) = postSolution
		SolutionGuid = {3C202339-09E4-485B-BAC6-776AE6DA65C6}
	EndGlobalSection
EndGlobal
